
Microsoft Visual Studio Solution File, Format Version 12.00
# Visual Studio Version 17
VisualStudioVersion = 17.3.32519.111
MinimumVisualStudioVersion = 10.0.40219.1
Project("{9A19103F-16F7-4668-BE54-9A1E7A4F7556}") = "Todo.Api", "Todo.Api\Todo.Api.csproj", "{A1FF6522-8203-4F1A-ABE8-8272D59C81A1}"
EndProject
Project("{2150E333-8FDC-42A3-9474-1A3956D46DE8}") = ".github", ".github", "{1EFB3041-1C56-41FB-AEA2-B82506658A70}"
EndProject
Project("{2150E333-8FDC-42A3-9474-1A3956D46DE8}") = "workflows", "workflows", "{E2A36999-881C-4216-BADB-9330E2904815}"
	ProjectSection(SolutionItems) = preProject
		.github\workflows\codeql-analysis.yml = .github\workflows\codeql-analysis.yml
	EndProjectSection
EndProject
Project("{2150E333-8FDC-42A3-9474-1A3956D46DE8}") = "Solution Items", "Solution Items", "{A54EAC03-84F9-4636-8405-DCEBD4C98106}"
	ProjectSection(SolutionItems) = preProject
		LICENSE.txt = LICENSE.txt
		README.md = README.md
		SECURITY.md = SECURITY.md
	EndProjectSection
EndProject
Global
	GlobalSection(SolutionConfigurationPlatforms) = preSolution
		Debug|Any CPU = Debug|Any CPU
		Release|Any CPU = Release|Any CPU
	EndGlobalSection
	GlobalSection(ProjectConfigurationPlatforms) = postSolution
		{A1FF6522-8203-4F1A-ABE8-8272D59C81A1}.Debug|Any CPU.ActiveCfg = Debug|Any CPU
		{A1FF6522-8203-4F1A-ABE8-8272D59C81A1}.Debug|Any CPU.Build.0 = Debug|Any CPU
		{A1FF6522-8203-4F1A-ABE8-8272D59C81A1}.Release|Any CPU.ActiveCfg = Release|Any CPU
		{A1FF6522-8203-4F1A-ABE8-8272D59C81A1}.Release|Any CPU.Build.0 = Release|Any CPU
	EndGlobalSection
	GlobalSection(SolutionProperties) = preSolution
		HideSolutionNode = FALSE
	EndGlobalSection
	GlobalSection(NestedProjects) = preSolution
		{E2A36999-881C-4216-BADB-9330E2904815} = {1EFB3041-1C56-41FB-AEA2-B82506658A70}
	EndGlobalSection
	GlobalSection(ExtensibilityGlobals) = postSolution
		SolutionGuid = {BA8425D3-121E-4170-8C9A-D399C2CC18D7}
	EndGlobalSection
EndGlobal
